{
    "name": "jiosaavn_api",
    "version": "2.0.0",
    "lockfileVersion": 1,
    "requires": true,
    "dependencies": {
        "add-zero": {
            "version": "1.0.0",
            "resolved": "https://registry.npmjs.org/add-zero/-/add-zero-1.0.0.tgz",
            "integrity": "sha1-iOIhaWcX9m20Z2cvP5qgBN6fGiw="
        },
        "axios": {
            "version": "0.21.4",
            "resolved": "https://registry.npmjs.org/axios/-/axios-0.21.4.tgz",
            "integrity": "sha512-ut5vewkiu8jjGBdqpM44XxjuCjq9LAKeHVmoVfHVzy8eHgxxq8SbAVQNovDA8mVi05kP0Ea/n/UzcSHcTJQfNg==",
            "requires": {
                "follow-redirects": "^1.14.0"
            }
        },
        "extend-shallow": {
            "version": "2.0.1",
            "resolved": "https://registry.npmjs.org/extend-shallow/-/extend-shallow-2.0.1.tgz",
            "integrity": "sha1-Ua99YUrZqfYQ6huvu5idaxxWiQ8=",
            "requires": {
                "is-extendable": "^0.1.0"
            }
        },
        "follow-redirects": {
            "version": "1.14.4",
            "resolved": "https://registry.npmjs.org/follow-redirects/-/follow-redirects-1.14.4.tgz",
            "integrity": "sha512-zwGkiSXC1MUJG/qmeIFH2HBJx9u0V46QGUe3YR1fXG8bXQxq7fLj0RjLZQ5nubr9qNJUZrH+xUcwXEoXNpfS+g=="
        },
        "format-duration": {
            "version": "1.4.0",
            "resolved": "https://registry.npmjs.org/format-duration/-/format-duration-1.4.0.tgz",
            "integrity": "sha512-Mcg3hOAiKxo6JRBgfrQ+sbVvr3D9/4wE7eDQXx3WV2d/yKmrcHXHJS4OhrqVeg+iiFE2Op+pHhdOkQUl8yIclw==",
            "requires": {
                "add-zero": "^1.0.0",
                "parse-ms": "^1.0.1"
            }
        },
        "is-extendable": {
            "version": "0.1.1",
            "resolved": "https://registry.npmjs.org/is-extendable/-/is-extendable-0.1.1.tgz",
            "integrity": "sha1-YrEQ4omkcUGOPsNqYX1HLjAd/Ik="
        },
        "parse-ms": {
            "version": "1.0.1",
            "resolved": "https://registry.npmjs.org/parse-ms/-/parse-ms-1.0.1.tgz",
            "integrity": "sha1-VjRtR0nXjyNDDKDHE4UK75GqNh0="
        },
        "unescape": {
            "version": "1.0.1",
            "resolved": "https://registry.npmjs.org/unescape/-/unescape-1.0.1.tgz",
            "integrity": "sha512-O0+af1Gs50lyH1nUu3ZyYS1cRh01Q/kUKatTOkSs7jukXE6/NebucDVxyiDsA9AQ4JC1V1jUH9EO8JX2nMDgGQ==",
            "requires": {
                "extend-shallow": "^2.0.1"
            }
        }
    }
}
